{
  "version": "v1",
  "packages": {
    "@servicetitan/startup": {
      "signature": "a673f06289d9eefccaa99687ae3d65dc",
      "file": true
    },
    "@servicetitan/web-components": {
      "signature": "eb52fc23db11d113ad2783aa2df8a915",
      "file": true
    },
    "@servicetitan/hash-browser-router": {
      "signature": "167f6d77b7c3f4c8d50735e865860c32",
      "file": true
    }
  }
}