{
  "version": "v1",
  "packages": {
    "@servicetitan/startup": {
      "signature": "b3e7a0b6c391b3831e23a89a781ab9c7",
      "file": true
    },
    "@servicetitan/web-components": {
      "signature": "a525c6169c7e240d7bb91a9e739f9a0b",
      "file": true
    },
    "@servicetitan/hash-browser-router": {
      "signature": "167f6d77b7c3f4c8d50735e865860c32",
      "file": true
    }
  }
}