{
  "version": "v1",
  "packages": {
    "@servicetitan/startup": {
      "signature": "5d65302f8444ecf6d5204d85e9bc0017",
      "file": true
    },
    "@servicetitan/web-components": {
      "signature": "7890ce88f874520d5be92511b162889e",
      "file": true
    },
    "@servicetitan/hash-browser-router": {
      "signature": "454cb2a68093ef0c33768ec29fae3a04",
      "file": true
    }
  }
}